# This file is automatically @generated by Poetry 1.6.1 and should not be changed by hand.

[[package]]
name = "anyio"
version = "4.3.0"
description = "High level compatibility layer for multiple asynchronous event loop implementations"
optional = false
python-versions = ">=3.8"
files = [
    {file = "anyio-4.3.0-py3-none-any.whl", hash = "sha256:048e05d0f6caeed70d731f3db756d35dcc1f35747c8c403364a8332c630441b8"},
    {file = "anyio-4.3.0.tar.gz", hash = "sha256:f75253795a87df48568485fd18cdd2a3fa5c4f7c5be8e5e36637733fce06fed6"},
]

[package.dependencies]
idna = ">=2.8"
sniffio = ">=1.1"

[package.extras]
doc = ["Sphinx (>=7)", "packaging", "sphinx-autodoc-typehints (>=1.2.0)", "sphinx-rtd-theme"]
test = ["anyio[trio]", "coverage[toml] (>=7)", "exceptiongroup (>=1.2.0)", "hypothesis (>=4.0)", "psutil (>=5.9)", "pytest (>=7.0)", "pytest-mock (>=3.6.1)", "trustme", "uvloop (>=0.17)"]
trio = ["trio (>=0.23)"]

[[package]]
name = "certifi"
version = "2024.2.2"
description = "Python package for providing Mozilla's CA Bundle."
optional = false
python-versions = ">=3.6"
files = [
    {file = "certifi-2024.2.2-py3-none-any.whl", hash = "sha256:dc383c07b76109f368f6106eee2b593b04a011ea4d55f652c6ca24a754d1cdd1"},
    {file = "certifi-2024.2.2.tar.gz", hash = "sha256:0569859f95fc761b18b45ef421b1290a0f65f147e92a1e5eb3e635f9a5e4e66f"},
]

[[package]]
name = "cfgv"
version = "3.4.0"
description = "Validate configuration and produce human readable error messages."
optional = false
python-versions = ">=3.8"
files = [
    {file = "cfgv-3.4.0-py2.py3-none-any.whl", hash = "sha256:b7265b1f29fd3316bfcd2b330d63d024f2bfd8bcb8b0272f8e19a504856c48f9"},
    {file = "cfgv-3.4.0.tar.gz", hash = "sha256:e52591d4c5f5dead8e0f673fb16db7949d2cfb3f7da4582893288f0ded8fe560"},
]

[[package]]
name = "colorama"
version = "0.4.6"
description = "Cross-platform colored terminal text."
optional = false
python-versions = "!=3.0.*,!=3.1.*,!=3.2.*,!=3.3.*,!=3.4.*,!=3.5.*,!=3.6.*,>=2.7"
files = [
    {file = "colorama-0.4.6-py2.py3-none-any.whl", hash = "sha256:4f1d9991f5acc0ca119f9d443620b77f9d6b33703e51011c16baf57afb285fc6"},
    {file = "colorama-0.4.6.tar.gz", hash = "sha256:08695f5cb7ed6e0531a20572697297273c47b8cae5a63ffc6d6ed5c201be6e44"},
]

[[package]]
name = "distlib"
version = "0.3.8"
description = "Distribution utilities"
optional = false
python-versions = "*"
files = [
    {file = "distlib-0.3.8-py2.py3-none-any.whl", hash = "sha256:034db59a0b96f8ca18035f36290806a9a6e6bd9d1ff91e45a7f172eb17e51784"},
    {file = "distlib-0.3.8.tar.gz", hash = "sha256:1530ea13e350031b6312d8580ddb6b27a104275a31106523b8f123787f494f64"},
]

[[package]]
name = "filelock"
version = "3.14.0"
description = "A platform independent file lock."
optional = false
python-versions = ">=3.8"
files = [
    {file = "filelock-3.14.0-py3-none-any.whl", hash = "sha256:43339835842f110ca7ae60f1e1c160714c5a6afd15a2873419ab185334975c0f"},
    {file = "filelock-3.14.0.tar.gz", hash = "sha256:6ea72da3be9b8c82afd3edcf99f2fffbb5076335a5ae4d03248bb5b6c3eae78a"},
]

[package.extras]
docs = ["furo (>=2023.9.10)", "sphinx (>=7.2.6)", "sphinx-autodoc-typehints (>=1.25.2)"]
testing = ["covdefaults (>=2.3)", "coverage (>=7.3.2)", "diff-cover (>=8.0.1)", "pytest (>=7.4.3)", "pytest-cov (>=4.1)", "pytest-mock (>=3.12)", "pytest-timeout (>=2.2)"]
typing = ["typing-extensions (>=4.8)"]

[[package]]
name = "grpcio"
version = "1.63.0"
description = "HTTP/2-based RPC framework"
optional = false
python-versions = ">=3.8"
files = [
    {file = "grpcio-1.63.0-cp310-cp310-linux_armv7l.whl", hash = "sha256:2e93aca840c29d4ab5db93f94ed0a0ca899e241f2e8aec6334ab3575dc46125c"},
    {file = "grpcio-1.63.0-cp310-cp310-macosx_12_0_universal2.whl", hash = "sha256:91b73d3f1340fefa1e1716c8c1ec9930c676d6b10a3513ab6c26004cb02d8b3f"},
    {file = "grpcio-1.63.0-cp310-cp310-manylinux_2_17_aarch64.whl", hash = "sha256:b3afbd9d6827fa6f475a4f91db55e441113f6d3eb9b7ebb8fb806e5bb6d6bd0d"},
    {file = "grpcio-1.63.0-cp310-cp310-manylinux_2_17_i686.manylinux2014_i686.whl", hash = "sha256:8f3f6883ce54a7a5f47db43289a0a4c776487912de1a0e2cc83fdaec9685cc9f"},
    {file = "grpcio-1.63.0-cp310-cp310-manylinux_2_17_x86_64.manylinux2014_x86_64.whl", hash = "sha256:cf8dae9cc0412cb86c8de5a8f3be395c5119a370f3ce2e69c8b7d46bb9872c8d"},
    {file = "grpcio-1.63.0-cp310-cp310-musllinux_1_1_i686.whl", hash = "sha256:08e1559fd3b3b4468486b26b0af64a3904a8dbc78d8d936af9c1cf9636eb3e8b"},
    {file = "grpcio-1.63.0-cp310-cp310-musllinux_1_1_x86_64.whl", hash = "sha256:5c039ef01516039fa39da8a8a43a95b64e288f79f42a17e6c2904a02a319b357"},
    {file = "grpcio-1.63.0-cp310-cp310-win32.whl", hash = "sha256:ad2ac8903b2eae071055a927ef74121ed52d69468e91d9bcbd028bd0e554be6d"},
    {file = "grpcio-1.63.0-cp310-cp310-win_amd64.whl", hash = "sha256:b2e44f59316716532a993ca2966636df6fbe7be4ab6f099de6815570ebe4383a"},
    {file = "grpcio-1.63.0-cp311-cp311-linux_armv7l.whl", hash = "sha256:f28f8b2db7b86c77916829d64ab21ff49a9d8289ea1564a2b2a3a8ed9ffcccd3"},
    {file = "grpcio-1.63.0-cp311-cp311-macosx_10_9_universal2.whl", hash = "sha256:65bf975639a1f93bee63ca60d2e4951f1b543f498d581869922910a476ead2f5"},
    {file = "grpcio-1.63.0-cp311-cp311-manylinux_2_17_aarch64.whl", hash = "sha256:b5194775fec7dc3dbd6a935102bb156cd2c35efe1685b0a46c67b927c74f0cfb"},
    {file = "grpcio-1.63.0-cp311-cp311-manylinux_2_17_i686.manylinux2014_i686.whl", hash = "sha256:e4cbb2100ee46d024c45920d16e888ee5d3cf47c66e316210bc236d5bebc42b3"},
    {file = "grpcio-1.63.0-cp311-cp311-manylinux_2_17_x86_64.manylinux2014_x86_64.whl", hash = "sha256:1ff737cf29b5b801619f10e59b581869e32f400159e8b12d7a97e7e3bdeee6a2"},
    {file = "grpcio-1.63.0-cp311-cp311-musllinux_1_1_i686.whl", hash = "sha256:cd1e68776262dd44dedd7381b1a0ad09d9930ffb405f737d64f505eb7f77d6c7"},
    {file = "grpcio-1.63.0-cp311-cp311-musllinux_1_1_x86_64.whl", hash = "sha256:93f45f27f516548e23e4ec3fbab21b060416007dbe768a111fc4611464cc773f"},
    {file = "grpcio-1.63.0-cp311-cp311-win32.whl", hash = "sha256:878b1d88d0137df60e6b09b74cdb73db123f9579232c8456f53e9abc4f62eb3c"},
    {file = "grpcio-1.63.0-cp311-cp311-win_amd64.whl", hash = "sha256:756fed02dacd24e8f488f295a913f250b56b98fb793f41d5b2de6c44fb762434"},
    {file = "grpcio-1.63.0-cp312-cp312-linux_armv7l.whl", hash = "sha256:93a46794cc96c3a674cdfb59ef9ce84d46185fe9421baf2268ccb556f8f81f57"},
    {file = "grpcio-1.63.0-cp312-cp312-macosx_10_9_universal2.whl", hash = "sha256:a7b19dfc74d0be7032ca1eda0ed545e582ee46cd65c162f9e9fc6b26ef827dc6"},
    {file = "grpcio-1.63.0-cp312-cp312-manylinux_2_17_aarch64.whl", hash = "sha256:8064d986d3a64ba21e498b9a376cbc5d6ab2e8ab0e288d39f266f0fca169b90d"},
    {file = "grpcio-1.63.0-cp312-cp312-manylinux_2_17_i686.manylinux2014_i686.whl", hash = "sha256:219bb1848cd2c90348c79ed0a6b0ea51866bc7e72fa6e205e459fedab5770172"},
    {file = "grpcio-1.63.0-cp312-cp312-manylinux_2_17_x86_64.manylinux2014_x86_64.whl", hash = "sha256:a2d60cd1d58817bc5985fae6168d8b5655c4981d448d0f5b6194bbcc038090d2"},
    {file = "grpcio-1.63.0-cp312-cp312-musllinux_1_1_i686.whl", hash = "sha256:9e350cb096e5c67832e9b6e018cf8a0d2a53b2a958f6251615173165269a91b0"},
    {file = "grpcio-1.63.0-cp312-cp312-musllinux_1_1_x86_64.whl", hash = "sha256:56cdf96ff82e3cc90dbe8bac260352993f23e8e256e063c327b6cf9c88daf7a9"},
    {file = "grpcio-1.63.0-cp312-cp312-win32.whl", hash = "sha256:3a6d1f9ea965e750db7b4ee6f9fdef5fdf135abe8a249e75d84b0a3e0c668a1b"},
    {file = "grpcio-1.63.0-cp312-cp312-win_amd64.whl", hash = "sha256:d2497769895bb03efe3187fb1888fc20e98a5f18b3d14b606167dacda5789434"},
    {file = "grpcio-1.63.0-cp38-cp38-linux_armv7l.whl", hash = "sha256:fdf348ae69c6ff484402cfdb14e18c1b0054ac2420079d575c53a60b9b2853ae"},
    {file = "grpcio-1.63.0-cp38-cp38-macosx_10_9_universal2.whl", hash = "sha256:a3abfe0b0f6798dedd2e9e92e881d9acd0fdb62ae27dcbbfa7654a57e24060c0"},
    {file = "grpcio-1.63.0-cp38-cp38-manylinux_2_17_aarch64.whl", hash = "sha256:6ef0ad92873672a2a3767cb827b64741c363ebaa27e7f21659e4e31f4d750280"},
    {file = "grpcio-1.63.0-cp38-cp38-manylinux_2_17_i686.manylinux2014_i686.whl", hash = "sha256:b416252ac5588d9dfb8a30a191451adbf534e9ce5f56bb02cd193f12d8845b7f"},
    {file = "grpcio-1.63.0-cp38-cp38-manylinux_2_17_x86_64.manylinux2014_x86_64.whl", hash = "sha256:e3b77eaefc74d7eb861d3ffbdf91b50a1bb1639514ebe764c47773b833fa2d91"},
    {file = "grpcio-1.63.0-cp38-cp38-musllinux_1_1_i686.whl", hash = "sha256:b005292369d9c1f80bf70c1db1c17c6c342da7576f1c689e8eee4fb0c256af85"},
    {file = "grpcio-1.63.0-cp38-cp38-musllinux_1_1_x86_64.whl", hash = "sha256:cdcda1156dcc41e042d1e899ba1f5c2e9f3cd7625b3d6ebfa619806a4c1aadda"},
    {file = "grpcio-1.63.0-cp38-cp38-win32.whl", hash = "sha256:01799e8649f9e94ba7db1aeb3452188048b0019dc37696b0f5ce212c87c560c3"},
    {file = "grpcio-1.63.0-cp38-cp38-win_amd64.whl", hash = "sha256:6a1a3642d76f887aa4009d92f71eb37809abceb3b7b5a1eec9c554a246f20e3a"},
    {file = "grpcio-1.63.0-cp39-cp39-linux_armv7l.whl", hash = "sha256:75f701ff645858a2b16bc8c9fc68af215a8bb2d5a9b647448129de6e85d52bce"},
    {file = "grpcio-1.63.0-cp39-cp39-macosx_10_9_universal2.whl", hash = "sha256:cacdef0348a08e475a721967f48206a2254a1b26ee7637638d9e081761a5ba86"},
    {file = "grpcio-1.63.0-cp39-cp39-manylinux_2_17_aarch64.whl", hash = "sha256:0697563d1d84d6985e40ec5ec596ff41b52abb3fd91ec240e8cb44a63b895094"},
    {file = "grpcio-1.63.0-cp39-cp39-manylinux_2_17_i686.manylinux2014_i686.whl", hash = "sha256:6426e1fb92d006e47476d42b8f240c1d916a6d4423c5258ccc5b105e43438f61"},
    {file = "grpcio-1.63.0-cp39-cp39-manylinux_2_17_x86_64.manylinux2014_x86_64.whl", hash = "sha256:e48cee31bc5f5a31fb2f3b573764bd563aaa5472342860edcc7039525b53e46a"},
    {file = "grpcio-1.63.0-cp39-cp39-musllinux_1_1_i686.whl", hash = "sha256:50344663068041b34a992c19c600236e7abb42d6ec32567916b87b4c8b8833b3"},
    {file = "grpcio-1.63.0-cp39-cp39-musllinux_1_1_x86_64.whl", hash = "sha256:259e11932230d70ef24a21b9fb5bb947eb4703f57865a404054400ee92f42f5d"},
    {file = "grpcio-1.63.0-cp39-cp39-win32.whl", hash = "sha256:a44624aad77bf8ca198c55af811fd28f2b3eaf0a50ec5b57b06c034416ef2d0a"},
    {file = "grpcio-1.63.0-cp39-cp39-win_amd64.whl", hash = "sha256:166e5c460e5d7d4656ff9e63b13e1f6029b122104c1633d5f37eaea348d7356d"},
    {file = "grpcio-1.63.0.tar.gz", hash = "sha256:f3023e14805c61bc439fb40ca545ac3d5740ce66120a678a3c6c2c55b70343d1"},
]

[package.extras]
protobuf = ["grpcio-tools (>=1.63.0)"]

[[package]]
name = "grpcio-tools"
version = "1.63.0"
description = "Protobuf code generator for gRPC"
optional = false
python-versions = ">=3.8"
files = [
    {file = "grpcio_tools-1.63.0-cp310-cp310-linux_armv7l.whl", hash = "sha256:1ab17460a2dfd3433af3120598bc18e705e3092d4d8396d3c06fe93deab19bbb"},
    {file = "grpcio_tools-1.63.0-cp310-cp310-macosx_12_0_universal2.whl", hash = "sha256:cb9a0f61cabff426eaf5c0a506de599c9f006b31947ba1159254cc291c1dbdd1"},
    {file = "grpcio_tools-1.63.0-cp310-cp310-manylinux_2_17_aarch64.whl", hash = "sha256:711d9f038c18c2f637b89af70c485018ae437dff5f7d2c631ca6a1eee7563038"},
    {file = "grpcio_tools-1.63.0-cp310-cp310-manylinux_2_17_i686.manylinux2014_i686.whl", hash = "sha256:847ca8d75090d66e787576049500eb7c230a9997146d5d433da7928baf914273"},
    {file = "grpcio_tools-1.63.0-cp310-cp310-manylinux_2_17_x86_64.manylinux2014_x86_64.whl", hash = "sha256:49404876ec70bdae431eac5b1591c32c0bba4047dfd96dc6add03dbcdad5a5fc"},
    {file = "grpcio_tools-1.63.0-cp310-cp310-musllinux_1_1_i686.whl", hash = "sha256:376136b9bbd16304a2e550ea0bb2b3340b720a0f623856124987845ef071d479"},
    {file = "grpcio_tools-1.63.0-cp310-cp310-musllinux_1_1_x86_64.whl", hash = "sha256:e197d5de49bb024f3d0b9e1ee1a0cce9e39955e17738bfbed72b0cc506a4824c"},
    {file = "grpcio_tools-1.63.0-cp310-cp310-win32.whl", hash = "sha256:acb5cc845942dc0f020eefbe10ad8ac6fe2f96b99c035da738c5d3026d3a5324"},
    {file = "grpcio_tools-1.63.0-cp310-cp310-win_amd64.whl", hash = "sha256:f74a6da9db48296c3e7e34820e96744a0ea9cd58c3fa075ed206f7bb75229324"},
    {file = "grpcio_tools-1.63.0-cp311-cp311-linux_armv7l.whl", hash = "sha256:4374c8beefec84f682c799b8df5ac4b217c09de6d69038ce16fc12dcd862fff8"},
    {file = "grpcio_tools-1.63.0-cp311-cp311-macosx_10_9_universal2.whl", hash = "sha256:d58a5aacee102858e49b1cc89b1ba1a020bb04f001df057e2b03fa11e6c636d1"},
    {file = "grpcio_tools-1.63.0-cp311-cp311-manylinux_2_17_aarch64.whl", hash = "sha256:744952a560fdb060a5f9d467d130fde6dbfee2abb07143c87e9b17aae3c19d5a"},
    {file = "grpcio_tools-1.63.0-cp311-cp311-manylinux_2_17_i686.manylinux2014_i686.whl", hash = "sha256:c305274aa111412f5b8858242853e56c16ebcedc25d6a49ad615fd1b3ecd5971"},
    {file = "grpcio_tools-1.63.0-cp311-cp311-manylinux_2_17_x86_64.manylinux2014_x86_64.whl", hash = "sha256:e952835e7b8f40204bceb2a96fc7bcb8b07ff45ca9d07266774bc429db1efead"},
    {file = "grpcio_tools-1.63.0-cp311-cp311-musllinux_1_1_i686.whl", hash = "sha256:409613bb694308a1945256d1d05c3ef3497f9fbf7fd68bd8bed86d80d97df334"},
    {file = "grpcio_tools-1.63.0-cp311-cp311-musllinux_1_1_x86_64.whl", hash = "sha256:b2d246eee3b2a6afe65362c22a98b0e6d805c227c2569c5616ad3bec619621dd"},
    {file = "grpcio_tools-1.63.0-cp311-cp311-win32.whl", hash = "sha256:bc0e6af05f66b36186ad3467d46ecc0f51dc9fa366005e095f4aa7739c7bfcba"},
    {file = "grpcio_tools-1.63.0-cp311-cp311-win_amd64.whl", hash = "sha256:3f138c822090e7c87ef6a5dce0a6c4fdf68a9472e6a936b70ac7be2371184abe"},
    {file = "grpcio_tools-1.63.0-cp312-cp312-linux_armv7l.whl", hash = "sha256:63a975d0457b2db1ee19fe99806091c71ad22f6f3664adc8f4c95943684dc0fd"},
    {file = "grpcio_tools-1.63.0-cp312-cp312-macosx_10_9_universal2.whl", hash = "sha256:517ed2b405793e55c527f332296ae92a3e17fdd83772f1569709f2c228acaf54"},
    {file = "grpcio_tools-1.63.0-cp312-cp312-manylinux_2_17_aarch64.whl", hash = "sha256:49af114fed0075025fe243cb3c8405c7a99f0b87f4eb7ccdaaf33ce1f55d8318"},
    {file = "grpcio_tools-1.63.0-cp312-cp312-manylinux_2_17_i686.manylinux2014_i686.whl", hash = "sha256:3ef50fa15689f46a2c903f1c9687aa40687d67dcb0469903fff37a63e55f11cd"},
    {file = "grpcio_tools-1.63.0-cp312-cp312-manylinux_2_17_x86_64.manylinux2014_x86_64.whl", hash = "sha256:e68d9df9134906cbab1b225b625e11a368ab01b9ff24a4546bddec705ec7fd66"},
    {file = "grpcio_tools-1.63.0-cp312-cp312-musllinux_1_1_i686.whl", hash = "sha256:7cbf570f7b9badd3bd27be5e057ca466d447c1047bf80c87a53d8bcb2e87bbbe"},
    {file = "grpcio_tools-1.63.0-cp312-cp312-musllinux_1_1_x86_64.whl", hash = "sha256:f2cc0b3098ff48811ca821440e03763dcabd11158a11d9ea819c58938a9ea276"},
    {file = "grpcio_tools-1.63.0-cp312-cp312-win32.whl", hash = "sha256:0ca6d5623dadce66fabbd8b04d0572e35fd63b31f1ae7ea1555d662864852d33"},
    {file = "grpcio_tools-1.63.0-cp312-cp312-win_amd64.whl", hash = "sha256:94b52c0dfb6026f69858a10ee3eadf15c343667647b5846cace82f61fe809c88"},
    {file = "grpcio_tools-1.63.0-cp38-cp38-linux_armv7l.whl", hash = "sha256:c759306c04e3d0b3da3bd576e3de8bcbccc31a243a85ad256fd46d3a3ed93402"},
    {file = "grpcio_tools-1.63.0-cp38-cp38-macosx_10_9_universal2.whl", hash = "sha256:f305a5d61613e7ea3510eab62d65d47dff5206fcbe3b2347a7c1ebc9eff23dc6"},
    {file = "grpcio_tools-1.63.0-cp38-cp38-manylinux_2_17_aarch64.whl", hash = "sha256:b5d74a30409eda2a0cdaa700da23fe3cad5d7ac47ac2d52644abe13a84047aa0"},
    {file = "grpcio_tools-1.63.0-cp38-cp38-manylinux_2_17_i686.manylinux2014_i686.whl", hash = "sha256:632f78d8730d39363fc5afaf7cb5cf2f56b4e346ca11f550af74cff85e702f79"},
    {file = "grpcio_tools-1.63.0-cp38-cp38-manylinux_2_17_x86_64.manylinux2014_x86_64.whl", hash = "sha256:54136ac94eabc45b1b72d5ca379e5a2753f21a654f562838c5a9b706482bc1f0"},
    {file = "grpcio_tools-1.63.0-cp38-cp38-musllinux_1_1_i686.whl", hash = "sha256:b61682c06f0bcf2c576537819c42d5fb8eec1a0a9c05c905005200a57ff54c1f"},
    {file = "grpcio_tools-1.63.0-cp38-cp38-musllinux_1_1_x86_64.whl", hash = "sha256:0f8ce3fc598886a5370f28c86f94d06ddb0d3a251101a5bb8ed9576d9f86a519"},
    {file = "grpcio_tools-1.63.0-cp38-cp38-win32.whl", hash = "sha256:27684446c81bffcd4f20f13bf672ac7cbeaefbd270b3d867cdb58132e4b866bc"},
    {file = "grpcio_tools-1.63.0-cp38-cp38-win_amd64.whl", hash = "sha256:8341846604df00cf1c0a822476d27f4c481f678601a2f0b190e3b9936f857ded"},
    {file = "grpcio_tools-1.63.0-cp39-cp39-linux_armv7l.whl", hash = "sha256:2924747142ebcbbd62acf65936fbc9694afbdfc2c6ae721461015370e27b8d6f"},
    {file = "grpcio_tools-1.63.0-cp39-cp39-macosx_10_9_universal2.whl", hash = "sha256:1b88be61eaa41eb4deb6b91a1e21d2a789d8567f0a973694fa27c09196f39a9a"},
    {file = "grpcio_tools-1.63.0-cp39-cp39-manylinux_2_17_aarch64.whl", hash = "sha256:b87750347cb024bb74d5139da01ffba9f099ad2e43ba45893dc627ec920d57ab"},
    {file = "grpcio_tools-1.63.0-cp39-cp39-manylinux_2_17_i686.manylinux2014_i686.whl", hash = "sha256:49435413548e019921e125b178f3fd30543aa348c70775669b5ed80f0b39b393"},
    {file = "grpcio_tools-1.63.0-cp39-cp39-manylinux_2_17_x86_64.manylinux2014_x86_64.whl", hash = "sha256:df4dc9db9763594ae6ae04b42d6fcf7f163897a072f8fc946b864c9c3f0fbab1"},
    {file = "grpcio_tools-1.63.0-cp39-cp39-musllinux_1_1_i686.whl", hash = "sha256:6bbf51f334452fcac422509979635f97e2c2c3e71f21480891f2ba280b4b6867"},
    {file = "grpcio_tools-1.63.0-cp39-cp39-musllinux_1_1_x86_64.whl", hash = "sha256:c63a0f37b6b64dc31b2f1a0e5f889ae8b6bb7b7b20fe2406c1285321a7c54fdd"},
    {file = "grpcio_tools-1.63.0-cp39-cp39-win32.whl", hash = "sha256:d7142b0162834d3a67df532744a733b0757b11056373bd489a70dc07a3f65829"},
    {file = "grpcio_tools-1.63.0-cp39-cp39-win_amd64.whl", hash = "sha256:32247ac2d575a633aea2536840fd232d56f309bd940081d772081bd71e0626c6"},
    {file = "grpcio_tools-1.63.0.tar.gz", hash = "sha256:2474cffbc8f29404f0e3a2109c0a0423211ba93fe048b144e734f601ff391fc7"},
]

[package.dependencies]
grpcio = ">=1.63.0"
protobuf = ">=5.26.1,<6.0dev"
setuptools = "*"

[[package]]
name = "h11"
version = "0.14.0"
description = "A pure-Python, bring-your-own-I/O implementation of HTTP/1.1"
optional = false
python-versions = ">=3.7"
files = [
    {file = "h11-0.14.0-py3-none-any.whl", hash = "sha256:e3fe4ac4b851c468cc8363d500db52c2ead036020723024a109d37346efaa761"},
    {file = "h11-0.14.0.tar.gz", hash = "sha256:8f19fbbe99e72420ff35c00b27a34cb9937e902a8b810e2c88300c6f0a3b699d"},
]

[[package]]
name = "httpcore"
version = "1.0.5"
description = "A minimal low-level HTTP client."
optional = false
python-versions = ">=3.8"
files = [
    {file = "httpcore-1.0.5-py3-none-any.whl", hash = "sha256:421f18bac248b25d310f3cacd198d55b8e6125c107797b609ff9b7a6ba7991b5"},
    {file = "httpcore-1.0.5.tar.gz", hash = "sha256:34a38e2f9291467ee3b44e89dd52615370e152954ba21721378a87b2960f7a61"},
]

[package.dependencies]
certifi = "*"
h11 = ">=0.13,<0.15"

[package.extras]
asyncio = ["anyio (>=4.0,<5.0)"]
http2 = ["h2 (>=3,<5)"]
socks = ["socksio (==1.*)"]
trio = ["trio (>=0.22.0,<0.26.0)"]

[[package]]
name = "httpx"
version = "0.27.0"
description = "The next generation HTTP client."
optional = false
python-versions = ">=3.8"
files = [
    {file = "httpx-0.27.0-py3-none-any.whl", hash = "sha256:71d5465162c13681bff01ad59b2cc68dd838ea1f10e51574bac27103f00c91a5"},
    {file = "httpx-0.27.0.tar.gz", hash = "sha256:a0cb88a46f32dc874e04ee956e4c2764aba2aa228f650b06788ba6bda2962ab5"},
]

[package.dependencies]
anyio = "*"
certifi = "*"
httpcore = "==1.*"
idna = "*"
sniffio = "*"

[package.extras]
brotli = ["brotli", "brotlicffi"]
cli = ["click (==8.*)", "pygments (==2.*)", "rich (>=10,<14)"]
http2 = ["h2 (>=3,<5)"]
socks = ["socksio (==1.*)"]

[[package]]
name = "identify"
version = "2.5.36"
description = "File identification library for Python"
optional = false
python-versions = ">=3.8"
files = [
    {file = "identify-2.5.36-py2.py3-none-any.whl", hash = "sha256:37d93f380f4de590500d9dba7db359d0d3da95ffe7f9de1753faa159e71e7dfa"},
    {file = "identify-2.5.36.tar.gz", hash = "sha256:e5e00f54165f9047fbebeb4a560f9acfb8af4c88232be60a488e9b68d122745d"},
]

[package.extras]
license = ["ukkonen"]

[[package]]
name = "idna"
version = "3.7"
description = "Internationalized Domain Names in Applications (IDNA)"
optional = false
python-versions = ">=3.5"
files = [
    {file = "idna-3.7-py3-none-any.whl", hash = "sha256:82fee1fc78add43492d3a1898bfa6d8a904cc97d8427f683ed8e798d07761aa0"},
    {file = "idna-3.7.tar.gz", hash = "sha256:028ff3aadf0609c1fd278d8ea3089299412a7a8b9bd005dd08b9f8285bcb5cfc"},
]

[[package]]
name = "iniconfig"
version = "2.0.0"
description = "brain-dead simple config-ini parsing"
optional = false
python-versions = ">=3.7"
files = [
    {file = "iniconfig-2.0.0-py3-none-any.whl", hash = "sha256:b6a85871a79d2e3b22d2d1b94ac2824226a63c6b741c88f7ae975f18b6778374"},
    {file = "iniconfig-2.0.0.tar.gz", hash = "sha256:2d91e135bf72d31a410b17c16da610a82cb55f6b0477d1a902134b24a455b8b3"},
]

[[package]]
name = "nodeenv"
version = "1.8.0"
description = "Node.js virtual environment builder"
optional = false
python-versions = ">=2.7,!=3.0.*,!=3.1.*,!=3.2.*,!=3.3.*,!=3.4.*,!=3.5.*,!=3.6.*"
files = [
    {file = "nodeenv-1.8.0-py2.py3-none-any.whl", hash = "sha256:df865724bb3c3adc86b3876fa209771517b0cfe596beff01a92700e0e8be4cec"},
    {file = "nodeenv-1.8.0.tar.gz", hash = "sha256:d51e0c37e64fbf47d017feac3145cdbb58836d7eee8c6f6d3b6880c5456227d2"},
]

[package.dependencies]
setuptools = "*"

[[package]]
name = "packaging"
version = "24.0"
description = "Core utilities for Python packages"
optional = false
python-versions = ">=3.7"
files = [
    {file = "packaging-24.0-py3-none-any.whl", hash = "sha256:2ddfb553fdf02fb784c234c7ba6ccc288296ceabec964ad2eae3777778130bc5"},
    {file = "packaging-24.0.tar.gz", hash = "sha256:eb82c5e3e56209074766e6885bb04b8c38a0c015d0a30036ebe7ece34c9989e9"},
]

[[package]]
name = "platformdirs"
version = "4.2.1"
description = "A small Python package for determining appropriate platform-specific dirs, e.g. a `user data dir`."
optional = false
python-versions = ">=3.8"
files = [
    {file = "platformdirs-4.2.1-py3-none-any.whl", hash = "sha256:17d5a1161b3fd67b390023cb2d3b026bbd40abde6fdb052dfbd3a29c3ba22ee1"},
    {file = "platformdirs-4.2.1.tar.gz", hash = "sha256:031cd18d4ec63ec53e82dceaac0417d218a6863f7745dfcc9efe7793b7039bdf"},
]

[package.extras]
docs = ["furo (>=2023.9.10)", "proselint (>=0.13)", "sphinx (>=7.2.6)", "sphinx-autodoc-typehints (>=1.25.2)"]
test = ["appdirs (==1.4.4)", "covdefaults (>=2.3)", "pytest (>=7.4.3)", "pytest-cov (>=4.1)", "pytest-mock (>=3.12)"]
type = ["mypy (>=1.8)"]

[[package]]
name = "pluggy"
version = "1.5.0"
description = "plugin and hook calling mechanisms for python"
optional = false
python-versions = ">=3.8"
files = [
    {file = "pluggy-1.5.0-py3-none-any.whl", hash = "sha256:44e1ad92c8ca002de6377e165f3e0f1be63266ab4d554740532335b9d75ea669"},
    {file = "pluggy-1.5.0.tar.gz", hash = "sha256:2cffa88e94fdc978c4c574f15f9e59b7f4201d439195c3715ca9e2486f1d0cf1"},
]

[package.extras]
dev = ["pre-commit", "tox"]
testing = ["pytest", "pytest-benchmark"]

[[package]]
name = "pre-commit"
version = "3.7.0"
description = "A framework for managing and maintaining multi-language pre-commit hooks."
optional = false
python-versions = ">=3.9"
files = [
    {file = "pre_commit-3.7.0-py2.py3-none-any.whl", hash = "sha256:5eae9e10c2b5ac51577c3452ec0a490455c45a0533f7960f993a0d01e59decab"},
    {file = "pre_commit-3.7.0.tar.gz", hash = "sha256:e209d61b8acdcf742404408531f0c37d49d2c734fd7cff2d6076083d191cb060"},
]

[package.dependencies]
cfgv = ">=2.0.0"
identify = ">=1.0.0"
nodeenv = ">=0.11.1"
pyyaml = ">=5.1"
virtualenv = ">=20.10.0"

[[package]]
name = "protobuf"
version = "5.26.1"
description = ""
optional = false
python-versions = ">=3.8"
files = [
    {file = "protobuf-5.26.1-cp310-abi3-win32.whl", hash = "sha256:3c388ea6ddfe735f8cf69e3f7dc7611e73107b60bdfcf5d0f024c3ccd3794e23"},
    {file = "protobuf-5.26.1-cp310-abi3-win_amd64.whl", hash = "sha256:e6039957449cb918f331d32ffafa8eb9255769c96aa0560d9a5bf0b4e00a2a33"},
    {file = "protobuf-5.26.1-cp37-abi3-macosx_10_9_universal2.whl", hash = "sha256:38aa5f535721d5bb99861166c445c4105c4e285c765fbb2ac10f116e32dcd46d"},
    {file = "protobuf-5.26.1-cp37-abi3-manylinux2014_aarch64.whl", hash = "sha256:fbfe61e7ee8c1860855696e3ac6cfd1b01af5498facc6834fcc345c9684fb2ca"},
    {file = "protobuf-5.26.1-cp37-abi3-manylinux2014_x86_64.whl", hash = "sha256:f7417703f841167e5a27d48be13389d52ad705ec09eade63dfc3180a959215d7"},
    {file = "protobuf-5.26.1-cp38-cp38-win32.whl", hash = "sha256:d693d2504ca96750d92d9de8a103102dd648fda04540495535f0fec7577ed8fc"},
    {file = "protobuf-5.26.1-cp38-cp38-win_amd64.whl", hash = "sha256:9b557c317ebe6836835ec4ef74ec3e994ad0894ea424314ad3552bc6e8835b4e"},
    {file = "protobuf-5.26.1-cp39-cp39-win32.whl", hash = "sha256:b9ba3ca83c2e31219ffbeb9d76b63aad35a3eb1544170c55336993d7a18ae72c"},
    {file = "protobuf-5.26.1-cp39-cp39-win_amd64.whl", hash = "sha256:7ee014c2c87582e101d6b54260af03b6596728505c79f17c8586e7523aaa8f8c"},
    {file = "protobuf-5.26.1-py3-none-any.whl", hash = "sha256:da612f2720c0183417194eeaa2523215c4fcc1a1949772dc65f05047e08d5932"},
    {file = "protobuf-5.26.1.tar.gz", hash = "sha256:8ca2a1d97c290ec7b16e4e5dff2e5ae150cc1582f55b5ab300d45cb0dfa90e51"},
]

[[package]]
name = "pytest"
version = "8.2.0"
description = "pytest: simple powerful testing with Python"
optional = false
python-versions = ">=3.8"
files = [
    {file = "pytest-8.2.0-py3-none-any.whl", hash = "sha256:1733f0620f6cda4095bbf0d9ff8022486e91892245bb9e7d5542c018f612f233"},
    {file = "pytest-8.2.0.tar.gz", hash = "sha256:d507d4482197eac0ba2bae2e9babf0672eb333017bcedaa5fb1a3d42c1174b3f"},
]

[package.dependencies]
colorama = {version = "*", markers = "sys_platform == \"win32\""}
iniconfig = "*"
packaging = "*"
pluggy = ">=1.5,<2.0"

[package.extras]
dev = ["argcomplete", "attrs (>=19.2)", "hypothesis (>=3.56)", "mock", "pygments (>=2.7.2)", "requests", "setuptools", "xmlschema"]

[[package]]
name = "pytest-asyncio"
version = "0.23.6"
description = "Pytest support for asyncio"
optional = false
python-versions = ">=3.8"
files = [
    {file = "pytest-asyncio-0.23.6.tar.gz", hash = "sha256:ffe523a89c1c222598c76856e76852b787504ddb72dd5d9b6617ffa8aa2cde5f"},
    {file = "pytest_asyncio-0.23.6-py3-none-any.whl", hash = "sha256:68516fdd1018ac57b846c9846b954f0393b26f094764a28c955eabb0536a4e8a"},
]

[package.dependencies]
pytest = ">=7.0.0,<9"

[package.extras]
docs = ["sphinx (>=5.3)", "sphinx-rtd-theme (>=1.0)"]
testing = ["coverage (>=6.2)", "hypothesis (>=5.7.1)"]

[[package]]
name = "pyyaml"
version = "6.0.1"
description = "YAML parser and emitter for Python"
optional = false
python-versions = ">=3.6"
files = [
    {file = "PyYAML-6.0.1-cp310-cp310-macosx_10_9_x86_64.whl", hash = "sha256:d858aa552c999bc8a8d57426ed01e40bef403cd8ccdd0fc5f6f04a00414cac2a"},
    {file = "PyYAML-6.0.1-cp310-cp310-macosx_11_0_arm64.whl", hash = "sha256:fd66fc5d0da6d9815ba2cebeb4205f95818ff4b79c3ebe268e75d961704af52f"},
    {file = "PyYAML-6.0.1-cp310-cp310-manylinux_2_17_aarch64.manylinux2014_aarch64.whl", hash = "sha256:69b023b2b4daa7548bcfbd4aa3da05b3a74b772db9e23b982788168117739938"},
    {file = "PyYAML-6.0.1-cp310-cp310-manylinux_2_17_s390x.manylinux2014_s390x.whl", hash = "sha256:81e0b275a9ecc9c0c0c07b4b90ba548307583c125f54d5b6946cfee6360c733d"},
    {file = "PyYAML-6.0.1-cp310-cp310-manylinux_2_17_x86_64.manylinux2014_x86_64.whl", hash = "sha256:ba336e390cd8e4d1739f42dfe9bb83a3cc2e80f567d8805e11b46f4a943f5515"},
    {file = "PyYAML-6.0.1-cp310-cp310-musllinux_1_1_x86_64.whl", hash = "sha256:326c013efe8048858a6d312ddd31d56e468118ad4cdeda36c719bf5bb6192290"},
    {file = "PyYAML-6.0.1-cp310-cp310-win32.whl", hash = "sha256:bd4af7373a854424dabd882decdc5579653d7868b8fb26dc7d0e99f823aa5924"},
    {file = "PyYAML-6.0.1-cp310-cp310-win_amd64.whl", hash = "sha256:fd1592b3fdf65fff2ad0004b5e363300ef59ced41c2e6b3a99d4089fa8c5435d"},
    {file = "PyYAML-6.0.1-cp311-cp311-macosx_10_9_x86_64.whl", hash = "sha256:6965a7bc3cf88e5a1c3bd2e0b5c22f8d677dc88a455344035f03399034eb3007"},
    {file = "PyYAML-6.0.1-cp311-cp311-macosx_11_0_arm64.whl", hash = "sha256:f003ed9ad21d6a4713f0a9b5a7a0a79e08dd0f221aff4525a2be4c346ee60aab"},
    {file = "PyYAML-6.0.1-cp311-cp311-manylinux_2_17_aarch64.manylinux2014_aarch64.whl", hash = "sha256:42f8152b8dbc4fe7d96729ec2b99c7097d656dc1213a3229ca5383f973a5ed6d"},
    {file = "PyYAML-6.0.1-cp311-cp311-manylinux_2_17_s390x.manylinux2014_s390x.whl", hash = "sha256:062582fca9fabdd2c8b54a3ef1c978d786e0f6b3a1510e0ac93ef59e0ddae2bc"},
    {file = "PyYAML-6.0.1-cp311-cp311-manylinux_2_17_x86_64.manylinux2014_x86_64.whl", hash = "sha256:d2b04aac4d386b172d5b9692e2d2da8de7bfb6c387fa4f801fbf6fb2e6ba4673"},
    {file = "PyYAML-6.0.1-cp311-cp311-musllinux_1_1_x86_64.whl", hash = "sha256:e7d73685e87afe9f3b36c799222440d6cf362062f78be1013661b00c5c6f678b"},
    {file = "PyYAML-6.0.1-cp311-cp311-win32.whl", hash = "sha256:1635fd110e8d85d55237ab316b5b011de701ea0f29d07611174a1b42f1444741"},
    {file = "PyYAML-6.0.1-cp311-cp311-win_amd64.whl", hash = "sha256:bf07ee2fef7014951eeb99f56f39c9bb4af143d8aa3c21b1677805985307da34"},
    {file = "PyYAML-6.0.1-cp312-cp312-macosx_10_9_x86_64.whl", hash = "sha256:855fb52b0dc35af121542a76b9a84f8d1cd886ea97c84703eaa6d88e37a2ad28"},
    {file = "PyYAML-6.0.1-cp312-cp312-macosx_11_0_arm64.whl", hash = "sha256:40df9b996c2b73138957fe23a16a4f0ba614f4c0efce1e9406a184b6d07fa3a9"},
    {file = "PyYAML-6.0.1-cp312-cp312-manylinux_2_17_x86_64.manylinux2014_x86_64.whl", hash = "sha256:6c22bec3fbe2524cde73d7ada88f6566758a8f7227bfbf93a408a9d86bcc12a0"},
    {file = "PyYAML-6.0.1-cp312-cp312-musllinux_1_1_x86_64.whl", hash = "sha256:8d4e9c88387b0f5c7d5f281e55304de64cf7f9c0021a3525bd3b1c542da3b0e4"},
    {file = "PyYAML-6.0.1-cp312-cp312-win32.whl", hash = "sha256:d483d2cdf104e7c9fa60c544d92981f12ad66a457afae824d146093b8c294c54"},
    {file = "PyYAML-6.0.1-cp312-cp312-win_amd64.whl", hash = "sha256:0d3304d8c0adc42be59c5f8a4d9e3d7379e6955ad754aa9d6ab7a398b59dd1df"},
    {file = "PyYAML-6.0.1-cp36-cp36m-macosx_10_9_x86_64.whl", hash = "sha256:50550eb667afee136e9a77d6dc71ae76a44df8b3e51e41b77f6de2932bfe0f47"},
    {file = "PyYAML-6.0.1-cp36-cp36m-manylinux_2_17_aarch64.manylinux2014_aarch64.whl", hash = "sha256:1fe35611261b29bd1de0070f0b2f47cb6ff71fa6595c077e42bd0c419fa27b98"},
    {file = "PyYAML-6.0.1-cp36-cp36m-manylinux_2_17_s390x.manylinux2014_s390x.whl", hash = "sha256:704219a11b772aea0d8ecd7058d0082713c3562b4e271b849ad7dc4a5c90c13c"},
    {file = "PyYAML-6.0.1-cp36-cp36m-manylinux_2_17_x86_64.manylinux2014_x86_64.whl", hash = "sha256:afd7e57eddb1a54f0f1a974bc4391af8bcce0b444685d936840f125cf046d5bd"},
    {file = "PyYAML-6.0.1-cp36-cp36m-win32.whl", hash = "sha256:fca0e3a251908a499833aa292323f32437106001d436eca0e6e7833256674585"},
    {file = "PyYAML-6.0.1-cp36-cp36m-win_amd64.whl", hash = "sha256:f22ac1c3cac4dbc50079e965eba2c1058622631e526bd9afd45fedd49ba781fa"},
    {file = "PyYAML-6.0.1-cp37-cp37m-macosx_10_9_x86_64.whl", hash = "sha256:b1275ad35a5d18c62a7220633c913e1b42d44b46ee12554e5fd39c70a243d6a3"},
    {file = "PyYAML-6.0.1-cp37-cp37m-manylinux_2_17_aarch64.manylinux2014_aarch64.whl", hash = "sha256:18aeb1bf9a78867dc38b259769503436b7c72f7a1f1f4c93ff9a17de54319b27"},
    {file = "PyYAML-6.0.1-cp37-cp37m-manylinux_2_17_s390x.manylinux2014_s390x.whl", hash = "sha256:596106435fa6ad000c2991a98fa58eeb8656ef2325d7e158344fb33864ed87e3"},
    {file = "PyYAML-6.0.1-cp37-cp37m-manylinux_2_17_x86_64.manylinux2014_x86_64.whl", hash = "sha256:baa90d3f661d43131ca170712d903e6295d1f7a0f595074f151c0aed377c9b9c"},
    {file = "PyYAML-6.0.1-cp37-cp37m-win32.whl", hash = "sha256:9046c58c4395dff28dd494285c82ba00b546adfc7ef001486fbf0324bc174fba"},
    {file = "PyYAML-6.0.1-cp37-cp37m-win_amd64.whl", hash = "sha256:4fb147e7a67ef577a588a0e2c17b6db51dda102c71de36f8549b6816a96e1867"},
    {file = "PyYAML-6.0.1-cp38-cp38-macosx_10_9_x86_64.whl", hash = "sha256:1d4c7e777c441b20e32f52bd377e0c409713e8bb1386e1099c2415f26e479595"},
    {file = "PyYAML-6.0.1-cp38-cp38-manylinux_2_17_aarch64.manylinux2014_aarch64.whl", hash = "sha256:a0cd17c15d3bb3fa06978b4e8958dcdc6e0174ccea823003a106c7d4d7899ac5"},
    {file = "PyYAML-6.0.1-cp38-cp38-manylinux_2_17_s390x.manylinux2014_s390x.whl", hash = "sha256:28c119d996beec18c05208a8bd78cbe4007878c6dd15091efb73a30e90539696"},
    {file = "PyYAML-6.0.1-cp38-cp38-manylinux_2_17_x86_64.manylinux2014_x86_64.whl", hash = "sha256:7e07cbde391ba96ab58e532ff4803f79c4129397514e1413a7dc761ccd755735"},
    {file = "PyYAML-6.0.1-cp38-cp38-musllinux_1_1_x86_64.whl", hash = "sha256:49a183be227561de579b4a36efbb21b3eab9651dd81b1858589f796549873dd6"},
    {file = "PyYAML-6.0.1-cp38-cp38-win32.whl", hash = "sha256:184c5108a2aca3c5b3d3bf9395d50893a7ab82a38004c8f61c258d4428e80206"},
    {file = "PyYAML-6.0.1-cp38-cp38-win_amd64.whl", hash = "sha256:1e2722cc9fbb45d9b87631ac70924c11d3a401b2d7f410cc0e3bbf249f2dca62"},
    {file = "PyYAML-6.0.1-cp39-cp39-macosx_10_9_x86_64.whl", hash = "sha256:9eb6caa9a297fc2c2fb8862bc5370d0303ddba53ba97e71f08023b6cd73d16a8"},
    {file = "PyYAML-6.0.1-cp39-cp39-macosx_11_0_arm64.whl", hash = "sha256:c8098ddcc2a85b61647b2590f825f3db38891662cfc2fc776415143f599bb859"},
    {file = "PyYAML-6.0.1-cp39-cp39-manylinux_2_17_aarch64.manylinux2014_aarch64.whl", hash = "sha256:5773183b6446b2c99bb77e77595dd486303b4faab2b086e7b17bc6bef28865f6"},
    {file = "PyYAML-6.0.1-cp39-cp39-manylinux_2_17_s390x.manylinux2014_s390x.whl", hash = "sha256:b786eecbdf8499b9ca1d697215862083bd6d2a99965554781d0d8d1ad31e13a0"},
    {file = "PyYAML-6.0.1-cp39-cp39-manylinux_2_17_x86_64.manylinux2014_x86_64.whl", hash = "sha256:bc1bf2925a1ecd43da378f4db9e4f799775d6367bdb94671027b73b393a7c42c"},
    {file = "PyYAML-6.0.1-cp39-cp39-musllinux_1_1_x86_64.whl", hash = "sha256:04ac92ad1925b2cff1db0cfebffb6ffc43457495c9b3c39d3fcae417d7125dc5"},
    {file = "PyYAML-6.0.1-cp39-cp39-win32.whl", hash = "sha256:faca3bdcf85b2fc05d06ff3fbc1f83e1391b3e724afa3feba7d13eeab355484c"},
    {file = "PyYAML-6.0.1-cp39-cp39-win_amd64.whl", hash = "sha256:510c9deebc5c0225e8c96813043e62b680ba2f9c50a08d3724c7f28a747d1486"},
    {file = "PyYAML-6.0.1.tar.gz", hash = "sha256:bfdf460b1736c775f2ba9f6a92bca30bc2095067b8a9d77876d1fad6cc3b4a43"},
]

[[package]]
name = "rel"
version = "0.4.9.17"
description = "Registered Event Listener. Provides standard (pyevent) interface and functionality without external dependencies"
optional = false
python-versions = "*"
files = [
    {file = "rel-0.4.9.17-py3-none-any.whl", hash = "sha256:b181eb110a7ed826dd1755cc4c447f120f7e0b232117e318dac11a606419429e"},
]

[[package]]
name = "setuptools"
version = "69.5.1"
description = "Easily download, build, install, upgrade, and uninstall Python packages"
optional = false
python-versions = ">=3.8"
files = [
    {file = "setuptools-69.5.1-py3-none-any.whl", hash = "sha256:c636ac361bc47580504644275c9ad802c50415c7522212252c033bd15f301f32"},
    {file = "setuptools-69.5.1.tar.gz", hash = "sha256:6c1fccdac05a97e598fb0ae3bbed5904ccb317337a51139dcd51453611bbb987"},
]

[package.extras]
docs = ["furo", "jaraco.packaging (>=9.3)", "jaraco.tidelift (>=1.4)", "pygments-github-lexers (==0.0.5)", "rst.linker (>=1.9)", "sphinx (>=3.5)", "sphinx-favicon", "sphinx-inline-tabs", "sphinx-lint", "sphinx-notfound-page (>=1,<2)", "sphinx-reredirects", "sphinxcontrib-towncrier"]
testing = ["build[virtualenv]", "filelock (>=3.4.0)", "importlib-metadata", "ini2toml[lite] (>=0.9)", "jaraco.develop (>=7.21)", "jaraco.envs (>=2.2)", "jaraco.path (>=3.2.0)", "mypy (==1.9)", "packaging (>=23.2)", "pip (>=19.1)", "pytest (>=6,!=8.1.1)", "pytest-checkdocs (>=2.4)", "pytest-cov", "pytest-enabler (>=2.2)", "pytest-home (>=0.5)", "pytest-mypy", "pytest-perf", "pytest-ruff (>=0.2.1)", "pytest-timeout", "pytest-xdist (>=3)", "tomli", "tomli-w (>=1.0.0)", "virtualenv (>=13.0.0)", "wheel"]
testing-integration = ["build[virtualenv] (>=1.0.3)", "filelock (>=3.4.0)", "jaraco.envs (>=2.2)", "jaraco.path (>=3.2.0)", "packaging (>=23.2)", "pytest", "pytest-enabler", "pytest-xdist", "tomli", "virtualenv (>=13.0.0)", "wheel"]

[[package]]
name = "sniffio"
version = "1.3.1"
description = "Sniff out which async library your code is running under"
optional = false
python-versions = ">=3.7"
files = [
    {file = "sniffio-1.3.1-py3-none-any.whl", hash = "sha256:2f6da418d1f1e0fddd844478f41680e794e6051915791a034ff65e5f100525a2"},
    {file = "sniffio-1.3.1.tar.gz", hash = "sha256:f4324edc670a0f49750a81b895f35c3adb843cca46f0530f79fc1babb23789dc"},
]

[[package]]
name = "v4-proto"
version = "4.1.1"
description = "Protos for dYdX Chain protocol"
optional = false
python-versions = ">=3.8"
files = [
    {file = "v4-proto-4.1.1.tar.gz", hash = "sha256:a0806c54fe2ecb47e320c2c2783dd38b1115a83d49d62fe55e6ceab4246ec8f0"},
    {file = "v4_proto-4.1.1-py3-none-any.whl", hash = "sha256:e453a50859c958dd3149fb217dfa9ad813edd8136ff9093ae6dd99b479e49c07"},
]

[package.dependencies]
grpcio = ">=1.54"
grpcio-tools = ">=1.54"
protobuf = ">=4.23"

[[package]]
name = "virtualenv"
version = "20.26.1"
description = "Virtual Python Environment builder"
optional = false
python-versions = ">=3.7"
files = [
    {file = "virtualenv-20.26.1-py3-none-any.whl", hash = "sha256:7aa9982a728ae5892558bff6a2839c00b9ed145523ece2274fad6f414690ae75"},
    {file = "virtualenv-20.26.1.tar.gz", hash = "sha256:604bfdceaeece392802e6ae48e69cec49168b9c5f4a44e483963f9242eb0e78b"},
]

[package.dependencies]
distlib = ">=0.3.7,<1"
filelock = ">=3.12.2,<4"
platformdirs = ">=3.9.1,<5"

[package.extras]
docs = ["furo (>=2023.7.26)", "proselint (>=0.13)", "sphinx (>=7.1.2,!=7.3)", "sphinx-argparse (>=0.4)", "sphinxcontrib-towncrier (>=0.2.1a0)", "towncrier (>=23.6)"]
test = ["covdefaults (>=2.3)", "coverage (>=7.2.7)", "coverage-enable-subprocess (>=1)", "flaky (>=3.7)", "packaging (>=23.1)", "pytest (>=7.4)", "pytest-env (>=0.8.2)", "pytest-freezer (>=0.4.8)", "pytest-mock (>=3.11.1)", "pytest-randomly (>=3.12)", "pytest-timeout (>=2.1)", "setuptools (>=68)", "time-machine (>=2.10)"]

[[package]]
name = "websocket-client"
version = "1.8.0"
description = "WebSocket client for Python with low level API options"
optional = false
python-versions = ">=3.8"
files = [
    {file = "websocket_client-1.8.0-py3-none-any.whl", hash = "sha256:17b44cc997f5c498e809b22cdf2d9c7a9e71c02c8cc2b6c56e7c2d1239bfa526"},
    {file = "websocket_client-1.8.0.tar.gz", hash = "sha256:3239df9f44da632f96012472805d40a23281a991027ce11d2f45a6f24ac4c3da"},
]

[package.extras]
docs = ["Sphinx (>=6.0)", "myst-parser (>=2.0.0)", "sphinx-rtd-theme (>=1.1.0)"]
optional = ["python-socks", "wsaccel"]
test = ["websockets"]

[metadata]
lock-version = "2.0"
python-versions = "^3.12"
content-hash = "7e4ab60dc5b45da20a7b778871fb1eade9bccd851f2b87cdcfea2b8aa5906729"
